
Microsoft Visual Studio Solution File, Format Version 11.00
# Visual Studio 2010
Project("{FAE04EC0-301F-11D3-BF4B-00C04F79EFBC}") = "IR", "IR\IR.csproj", "{DE8B585B-2E94-477A-8A86-097A4AFBAA9A}"
EndProject
Global
	GlobalSection(SolutionConfigurationPlatforms) = preSolution
		Debug|x86 = Debug|x86
		Release|x86 = Release|x86
	EndGlobalSection
	GlobalSection(ProjectConfigurationPlatforms) = postSolution
		{DE8B585B-2E94-477A-8A86-097A4AFBAA9A}.Debug|x86.ActiveCfg = Debug|x86
		{DE8B585B-2E94-477A-8A86-097A4AFBAA9A}.Debug|x86.Build.0 = Debug|x86
		{DE8B585B-2E94-477A-8A86-097A4AFBAA9A}.Release|x86.ActiveCfg = Release|x86
		{DE8B585B-2E94-477A-8A86-097A4AFBAA9A}.Release|x86.Build.0 = Release|x86
	EndGlobalSection
	GlobalSection(SolutionProperties) = preSolution
		HideSolutionNode = FALSE
	EndGlobalSection
EndGlobal
